# THIS IS AN AUTOGENERATED FILE. DO NOT EDIT THIS FILE DIRECTLY.
# yarn lockfile v1


confusing-browser-globals@^1.0.9:
  version "1.0.9"
  resolved "https://registry.npm.taobao.org/confusing-browser-globals/download/confusing-browser-globals-1.0.9.tgz#72bc13b483c0276801681871d4898516f8f54fdd"
  integrity sha1-crwTtIPAJ2gBaBhx1ImFFvj1T90=

eslint-config-react-app@^5.2.1:
  version "5.2.1"
  resolved "https://registry.npm.taobao.org/eslint-config-react-app/download/eslint-config-react-app-5.2.1.tgz#698bf7aeee27f0cea0139eaef261c7bf7dd623df"
  integrity sha1-aYv3ru4n8M6gE56u8mHHv33WI98=
  dependencies:
    confusing-browser-globals "^1.0.9"
